
Microsoft Visual Studio Solution File, Format Version 12.00
# Visual Studio Version 16
VisualStudioVersion = 16.0.30517.126
MinimumVisualStudioVersion = 10.0.40219.1
Project("{9A19103F-16F7-4668-BE54-9A1E7A4F7556}") = "GestaoEmpresa.Api", "GestaoEmpresa.Api\GestaoEmpresa.Api.csproj", "{CFA653D1-14A2-4381-9F74-7491FEBA5D6A}"
EndProject
Project("{9A19103F-16F7-4668-BE54-9A1E7A4F7556}") = "GestaoEmpresa.Web", "GestaoEmpresa.Web\GestaoEmpresa.Web.csproj", "{2DA7E083-EF0B-4DA1-9C84-378E56F415B0}"
EndProject
Project("{9A19103F-16F7-4668-BE54-9A1E7A4F7556}") = "GestaoEmpresa.DAL", "GestaoEmpresa.DAL\GestaoEmpresa.DAL.csproj", "{4339025A-C9D2-408D-BD88-5A42E75C95C0}"
EndProject
Project("{9A19103F-16F7-4668-BE54-9A1E7A4F7556}") = "GestaoEmpresa.Dominio", "GestaoEmpresa.Dominio\GestaoEmpresa.Dominio.csproj", "{E714C632-E530-41F7-ABBF-E60749579DCC}"
EndProject
Global
	GlobalSection(SolutionConfigurationPlatforms) = preSolution
		Debug|Any CPU = Debug|Any CPU
		Release|Any CPU = Release|Any CPU
	EndGlobalSection
	GlobalSection(ProjectConfigurationPlatforms) = postSolution
		{CFA653D1-14A2-4381-9F74-7491FEBA5D6A}.Debug|Any CPU.ActiveCfg = Debug|Any CPU
		{CFA653D1-14A2-4381-9F74-7491FEBA5D6A}.Debug|Any CPU.Build.0 = Debug|Any CPU
		{CFA653D1-14A2-4381-9F74-7491FEBA5D6A}.Release|Any CPU.ActiveCfg = Release|Any CPU
		{CFA653D1-14A2-4381-9F74-7491FEBA5D6A}.Release|Any CPU.Build.0 = Release|Any CPU
		{2DA7E083-EF0B-4DA1-9C84-378E56F415B0}.Debug|Any CPU.ActiveCfg = Debug|Any CPU
		{2DA7E083-EF0B-4DA1-9C84-378E56F415B0}.Debug|Any CPU.Build.0 = Debug|Any CPU
		{2DA7E083-EF0B-4DA1-9C84-378E56F415B0}.Release|Any CPU.ActiveCfg = Release|Any CPU
		{2DA7E083-EF0B-4DA1-9C84-378E56F415B0}.Release|Any CPU.Build.0 = Release|Any CPU
		{4339025A-C9D2-408D-BD88-5A42E75C95C0}.Debug|Any CPU.ActiveCfg = Debug|Any CPU
		{4339025A-C9D2-408D-BD88-5A42E75C95C0}.Debug|Any CPU.Build.0 = Debug|Any CPU
		{4339025A-C9D2-408D-BD88-5A42E75C95C0}.Release|Any CPU.ActiveCfg = Release|Any CPU
		{4339025A-C9D2-408D-BD88-5A42E75C95C0}.Release|Any CPU.Build.0 = Release|Any CPU
		{E714C632-E530-41F7-ABBF-E60749579DCC}.Debug|Any CPU.ActiveCfg = Debug|Any CPU
		{E714C632-E530-41F7-ABBF-E60749579DCC}.Debug|Any CPU.Build.0 = Debug|Any CPU
		{E714C632-E530-41F7-ABBF-E60749579DCC}.Release|Any CPU.ActiveCfg = Release|Any CPU
		{E714C632-E530-41F7-ABBF-E60749579DCC}.Release|Any CPU.Build.0 = Release|Any CPU
	EndGlobalSection
	GlobalSection(SolutionProperties) = preSolution
		HideSolutionNode = FALSE
	EndGlobalSection
	GlobalSection(ExtensibilityGlobals) = postSolution
		SolutionGuid = {8A88A7A3-6D05-44F6-B5E8-A5CE58C751DD}
	EndGlobalSection
EndGlobal
